
Microsoft Visual Studio Solution File, Format Version 12.00
# Visual Studio 15
VisualStudioVersion = 15.0.27428.2037
MinimumVisualStudioVersion = 10.0.40219.1
Project("{FAE04EC0-301F-11D3-BF4B-00C04F79EFBC}") = "Chapa", "Chapa\Chapa.csproj", "{C71AC1FA-2B4E-4E7E-9F4E-13604229B801}"
EndProject
Global
	GlobalSection(SolutionConfigurationPlatforms) = preSolution
		Debug|Any CPU = Debug|Any CPU
		Release|Any CPU = Release|Any CPU
	EndGlobalSection
	GlobalSection(ProjectConfigurationPlatforms) = postSolution
		{C71AC1FA-2B4E-4E7E-9F4E-13604229B801}.Debug|Any CPU.ActiveCfg = Debug|Any CPU
		{C71AC1FA-2B4E-4E7E-9F4E-13604229B801}.Debug|Any CPU.Build.0 = Debug|Any CPU
		{C71AC1FA-2B4E-4E7E-9F4E-13604229B801}.Release|Any CPU.ActiveCfg = Release|Any CPU
		{C71AC1FA-2B4E-4E7E-9F4E-13604229B801}.Release|Any CPU.Build.0 = Release|Any CPU
	EndGlobalSection
	GlobalSection(SolutionProperties) = preSolution
		HideSolutionNode = FALSE
	EndGlobalSection
	GlobalSection(ExtensibilityGlobals) = postSolution
		SolutionGuid = {F50BE1CE-85F2-48DC-B252-D6D643DDAD2C}
	EndGlobalSection
EndGlobal
